// !$*UTF8*$!
{
	archiveVersion = 1;
	classes = {
	};
	objectVersion = 46;
	objects = {

/* Begin PBXBuildFile section */
		3D1C44DB170B514B00586C40 /* SDL_ttf.framework in Frameworks */ = {isa = PBXBuildFile; fileRef = 3D1C44DA170B514B00586C40 /* SDL_ttf.framework */; };
		3D1C44DC170B517A00586C40 /* SDL_ttf.framework in CopyFiles */ = {isa = PBXBuildFile; fileRef = 3D1C44DA170B514B00586C40 /* SDL_ttf.framework */; };
		3D1C44DF170B58B600586C40 /* Pane.cpp in Sources */ = {isa = PBXBuildFile; fileRef = 3D1C44DE170B58B600586C40 /* Pane.cpp */; };
		3D1C44E5170BA59500586C40 /* Text.cpp in Sources */ = {isa = PBXBuildFile; fileRef = 3D1C44E4170BA59500586C40 /* Text.cpp */; };
		3D1C44E6170BA59500586C40 /* Text.cpp in Sources */ = {isa = PBXBuildFile; fileRef = 3D1C44E4170BA59500586C40 /* Text.cpp */; };
		3D5F2AF61715C22B00AEF369 /* Resources in Resources */ = {isa = PBXBuildFile; fileRef = 3D5F2AF51715C22B00AEF369 /* Resources */; };
		3D5F2AF71715C22B00AEF369 /* Resources in Resources */ = {isa = PBXBuildFile; fileRef = 3D5F2AF51715C22B00AEF369 /* Resources */; };
		3D5F2AFA1715CB2A00AEF369 /* SoundPlayer.cpp in Sources */ = {isa = PBXBuildFile; fileRef = 3D5F2AF81715CB2900AEF369 /* SoundPlayer.cpp */; };
		3D5F2AFB1715CD7900AEF369 /* SoundPlayer.cpp in Sources */ = {isa = PBXBuildFile; fileRef = 3D5F2AF81715CB2900AEF369 /* SoundPlayer.cpp */; };
		3D5F2AFD1715CEA200AEF369 /* SDL_mixer.framework in Frameworks */ = {isa = PBXBuildFile; fileRef = 3D5F2AFC1715CEA100AEF369 /* SDL_mixer.framework */; };
		3D5F2B021716AAC100AEF369 /* Menu.cpp in Sources */ = {isa = PBXBuildFile; fileRef = 3D5F2B001716AAC100AEF369 /* Menu.cpp */; };
		3D5F2B031716AD0400AEF369 /* Menu.cpp in Sources */ = {isa = PBXBuildFile; fileRef = 3D5F2B001716AAC100AEF369 /* Menu.cpp */; };
		3D95A1DF17247A04003E0BE0 /* GameManager.cpp in Sources */ = {isa = PBXBuildFile; fileRef = 3D95A1DE17247A04003E0BE0 /* GameManager.cpp */; };
		3DC6BE1D16FE33E200E682EB /* Cocoa.framework in Frameworks */ = {isa = PBXBuildFile; fileRef = 3DC6BE1C16FE33E200E682EB /* Cocoa.framework */; };
		3DC6BE2716FE33E200E682EB /* InfoPlist.strings in Resources */ = {isa = PBXBuildFile; fileRef = 3DC6BE2516FE33E200E682EB /* InfoPlist.strings */; };
		3DC6BE2D16FE33E200E682EB /* Credits.rtf in Resources */ = {isa = PBXBuildFile; fileRef = 3DC6BE2B16FE33E200E682EB /* Credits.rtf */; };
		3DC6BE3B16FE33E200E682EB /* SenTestingKit.framework in Frameworks */ = {isa = PBXBuildFile; fileRef = 3DC6BE3A16FE33E200E682EB /* SenTestingKit.framework */; };
		3DC6BE3C16FE33E200E682EB /* Cocoa.framework in Frameworks */ = {isa = PBXBuildFile; fileRef = 3DC6BE1C16FE33E200E682EB /* Cocoa.framework */; };
		3DC6BE4416FE33E200E682EB /* InfoPlist.strings in Resources */ = {isa = PBXBuildFile; fileRef = 3DC6BE4216FE33E200E682EB /* InfoPlist.strings */; };
		3DC6BE7D16FE348300E682EB /* Animation.cpp in Sources */ = {isa = PBXBuildFile; fileRef = 3DC6BE5316FE348300E682EB /* Animation.cpp */; };
		3DC6BE8216FE348300E682EB /* Cup.cpp in Sources */ = {isa = PBXBuildFile; fileRef = 3DC6BE5916FE348300E682EB /* Cup.cpp */; };
		3DC6BE8516FE348300E682EB /* Drop.cpp in Sources */ = {isa = PBXBuildFile; fileRef = 3DC6BE5D16FE348300E682EB /* Drop.cpp */; };
		3DC6BE8B16FE348300E682EB /* Frame.cpp in Sources */ = {isa = PBXBuildFile; fileRef = 3DC6BE6416FE348300E682EB /* Frame.cpp */; };
		3DC6BE8C16FE348300E682EB /* Game.cpp in Sources */ = {isa = PBXBuildFile; fileRef = 3DC6BE6616FE348300E682EB /* Game.cpp */; };
		3DC6BE9416FE348300E682EB /* main.cpp in Sources */ = {isa = PBXBuildFile; fileRef = 3DC6BE6F16FE348300E682EB /* main.cpp */; };
		3DC6BE9716FE348300E682EB /* RaindropGame.cpp in Sources */ = {isa = PBXBuildFile; fileRef = 3DC6BE7316FE348300E682EB /* RaindropGame.cpp */; };
		3DC6BE9816FE348300E682EB /* SDLMain.m in Sources */ = {isa = PBXBuildFile; fileRef = 3DC6BE7616FE348300E682EB /* SDLMain.m */; };
		3DC6BE9916FE348300E682EB /* Sprite.cpp in Sources */ = {isa = PBXBuildFile; fileRef = 3DC6BE7816FE348300E682EB /* Sprite.cpp */; };
		3DC6BE9C16FE35B200E682EB /* SDL_image.framework in Frameworks */ = {isa = PBXBuildFile; fileRef = 3DC6BE9A16FE35B200E682EB /* SDL_image.framework */; };
		3DC6BE9D16FE35B200E682EB /* SDL.framework in Frameworks */ = {isa = PBXBuildFile; fileRef = 3DC6BE9B16FE35B200E682EB /* SDL.framework */; };
		3DC6BEA016FE37CB00E682EB /* SDL_image.framework in CopyFiles */ = {isa = PBXBuildFile; fileRef = 3DC6BE9A16FE35B200E682EB /* SDL_image.framework */; };
		3DC6BEA116FE37CB00E682EB /* SDL.framework in CopyFiles */ = {isa = PBXBuildFile; fileRef = 3DC6BE9B16FE35B200E682EB /* SDL.framework */; };
/* End PBXBuildFile section */

/* Begin PBXContainerItemProxy section */
		3DC6BE3D16FE33E200E682EB /* PBXContainerItemProxy */ = {
			isa = PBXContainerItemProxy;
			containerPortal = 3DC6BE1116FE33E200E682EB /* Project object */;
			proxyType = 1;
			remoteGlobalIDString = 3DC6BE1816FE33E200E682EB;
			remoteInfo = Drop;
		};
/* End PBXContainerItemProxy section */

/* Begin PBXCopyFilesBuildPhase section */
		3DC6BE9F16FE37BD00E682EB /* CopyFiles */ = {
			isa = PBXCopyFilesBuildPhase;
			buildActionMask = 2147483647;
			dstPath = "";
			dstSubfolderSpec = 10;
			files = (
				3D1C44DC170B517A00586C40 /* SDL_ttf.framework in CopyFiles */,
				3DC6BEA016FE37CB00E682EB /* SDL_image.framework in CopyFiles */,
				3DC6BEA116FE37CB00E682EB /* SDL.framework in CopyFiles */,
			);
			runOnlyForDeploymentPostprocessing = 0;
		};
/* End PBXCopyFilesBuildPhase section */

/* Begin PBXFileReference section */
		3D1C44DA170B514B00586C40 /* SDL_ttf.framework */ = {isa = PBXFileReference; lastKnownFileType = wrapper.framework; name = SDL_ttf.framework; path = /Library/Frameworks/SDL_ttf.framework; sourceTree = "<absolute>"; };
		3D1C44DD170B58AC00586C40 /* Pane.h */ = {isa = PBXFileReference; fileEncoding = 4; lastKnownFileType = sourcecode.c.h; path = Pane.h; sourceTree = "<group>"; };
		3D1C44DE170B58B600586C40 /* Pane.cpp */ = {isa = PBXFileReference; fileEncoding = 4; lastKnownFileType = sourcecode.cpp.cpp; path = Pane.cpp; sourceTree = "<group>"; };
		3D1C44E3170BA58B00586C40 /* Text.h */ = {isa = PBXFileReference; fileEncoding = 4; lastKnownFileType = sourcecode.c.h; path = Text.h; sourceTree = "<group>"; };
		3D1C44E4170BA59500586C40 /* Text.cpp */ = {isa = PBXFileReference; fileEncoding = 4; lastKnownFileType = sourcecode.cpp.cpp; path = Text.cpp; sourceTree = "<group>"; };
		3D5F2AF51715C22B00AEF369 /* Resources */ = {isa = PBXFileReference; lastKnownFileType = folder; path = Resources; sourceTree = "<group>"; };
		3D5F2AF81715CB2900AEF369 /* SoundPlayer.cpp */ = {isa = PBXFileReference; fileEncoding = 4; lastKnownFileType = sourcecode.cpp.cpp; path = SoundPlayer.cpp; sourceTree = "<group>"; };
		3D5F2AF91715CB2900AEF369 /* SoundPlayer.h */ = {isa = PBXFileReference; fileEncoding = 4; lastKnownFileType = sourcecode.c.h; path = SoundPlayer.h; sourceTree = "<group>"; };
		3D5F2AFC1715CEA100AEF369 /* SDL_mixer.framework */ = {isa = PBXFileReference; lastKnownFileType = wrapper.framework; name = SDL_mixer.framework; path = /Library/Frameworks/SDL_mixer.framework; sourceTree = "<absolute>"; };
		3D5F2B001716AAC100AEF369 /* Menu.cpp */ = {isa = PBXFileReference; fileEncoding = 4; lastKnownFileType = sourcecode.cpp.cpp; path = Menu.cpp; sourceTree = "<group>"; };
		3D5F2B011716AAC100AEF369 /* Menu.h */ = {isa = PBXFileReference; fileEncoding = 4; lastKnownFileType = sourcecode.c.h; path = Menu.h; sourceTree = "<group>"; };
		3D95A1DD172479F5003E0BE0 /* GameManager.h */ = {isa = PBXFileReference; fileEncoding = 4; lastKnownFileType = sourcecode.c.h; path = GameManager.h; sourceTree = "<group>"; };
		3D95A1DE17247A04003E0BE0 /* GameManager.cpp */ = {isa = PBXFileReference; fileEncoding = 4; lastKnownFileType = sourcecode.cpp.cpp; path = GameManager.cpp; sourceTree = "<group>"; };
		3DC6BE1916FE33E200E682EB /* Drop.app */ = {isa = PBXFileReference; explicitFileType = wrapper.application; includeInIndex = 0; path = Drop.app; sourceTree = BUILT_PRODUCTS_DIR; };
		3DC6BE1C16FE33E200E682EB /* Cocoa.framework */ = {isa = PBXFileReference; lastKnownFileType = wrapper.framework; name = Cocoa.framework; path = System/Library/Frameworks/Cocoa.framework; sourceTree = SDKROOT; };
		3DC6BE1F16FE33E200E682EB /* AppKit.framework */ = {isa = PBXFileReference; lastKnownFileType = wrapper.framework; name = AppKit.framework; path = System/Library/Frameworks/AppKit.framework; sourceTree = SDKROOT; };
		3DC6BE2016FE33E200E682EB /* CoreData.framework */ = {isa = PBXFileReference; lastKnownFileType = wrapper.framework; name = CoreData.framework; path = System/Library/Frameworks/CoreData.framework; sourceTree = SDKROOT; };
		3DC6BE2116FE33E200E682EB /* Foundation.framework */ = {isa = PBXFileReference; lastKnownFileType = wrapper.framework; name = Foundation.framework; path = System/Library/Frameworks/Foundation.framework; sourceTree = SDKROOT; };
		3DC6BE2416FE33E200E682EB /* Drop-Info.plist */ = {isa = PBXFileReference; lastKnownFileType = text.plist.xml; path = "Drop-Info.plist"; sourceTree = "<group>"; };
		3DC6BE2616FE33E200E682EB /* en */ = {isa = PBXFileReference; lastKnownFileType = text.plist.strings; name = en; path = en.lproj/InfoPlist.strings; sourceTree = "<group>"; };
		3DC6BE2A16FE33E200E682EB /* Drop-Prefix.pch */ = {isa = PBXFileReference; lastKnownFileType = sourcecode.c.h; path = "Drop-Prefix.pch"; sourceTree = "<group>"; };
		3DC6BE2C16FE33E200E682EB /* en */ = {isa = PBXFileReference; lastKnownFileType = text.rtf; name = en; path = en.lproj/Credits.rtf; sourceTree = "<group>"; };
		3DC6BE3916FE33E200E682EB /* DropTests.octest */ = {isa = PBXFileReference; explicitFileType = wrapper.cfbundle; includeInIndex = 0; path = DropTests.octest; sourceTree = BUILT_PRODUCTS_DIR; };
		3DC6BE3A16FE33E200E682EB /* SenTestingKit.framework */ = {isa = PBXFileReference; lastKnownFileType = wrapper.framework; name = SenTestingKit.framework; path = Library/Frameworks/SenTestingKit.framework; sourceTree = DEVELOPER_DIR; };
		3DC6BE4116FE33E200E682EB /* DropTests-Info.plist */ = {isa = PBXFileReference; lastKnownFileType = text.plist.xml; path = "DropTests-Info.plist"; sourceTree = "<group>"; };
		3DC6BE4316FE33E200E682EB /* en */ = {isa = PBXFileReference; lastKnownFileType = text.plist.strings; name = en; path = en.lproj/InfoPlist.strings; sourceTree = "<group>"; };
		3DC6BE5316FE348300E682EB /* Animation.cpp */ = {isa = PBXFileReference; fileEncoding = 4; lastKnownFileType = sourcecode.cpp.cpp; path = Animation.cpp; sourceTree = "<group>"; };
		3DC6BE5416FE348300E682EB /* Animation.h */ = {isa = PBXFileReference; fileEncoding = 4; lastKnownFileType = sourcecode.c.h; path = Animation.h; sourceTree = "<group>"; };
		3DC6BE5916FE348300E682EB /* Cup.cpp */ = {isa = PBXFileReference; fileEncoding = 4; lastKnownFileType = sourcecode.cpp.cpp; path = Cup.cpp; sourceTree = "<group>"; };
		3DC6BE5A16FE348300E682EB /* Cup.h */ = {isa = PBXFileReference; fileEncoding = 4; lastKnownFileType = sourcecode.c.h; path = Cup.h; sourceTree = "<group>"; };
		3DC6BE5D16FE348300E682EB /* Drop.cpp */ = {isa = PBXFileReference; fileEncoding = 4; lastKnownFileType = sourcecode.cpp.cpp; path = Drop.cpp; sourceTree = "<group>"; };
		3DC6BE5E16FE348300E682EB /* Drop.h */ = {isa = PBXFileReference; fileEncoding = 4; lastKnownFileType = sourcecode.c.h; path = Drop.h; sourceTree = "<group>"; };
		3DC6BE6416FE348300E682EB /* Frame.cpp */ = {isa = PBXFileReference; fileEncoding = 4; lastKnownFileType = sourcecode.cpp.cpp; path = Frame.cpp; sourceTree = "<group>"; };
		3DC6BE6516FE348300E682EB /* Frame.h */ = {isa = PBXFileReference; fileEncoding = 4; lastKnownFileType = sourcecode.c.h; path = Frame.h; sourceTree = "<group>"; };
		3DC6BE6616FE348300E682EB /* Game.cpp */ = {isa = PBXFileReference; fileEncoding = 4; lastKnownFileType = sourcecode.cpp.cpp; path = Game.cpp; sourceTree = "<group>"; };
		3DC6BE6716FE348300E682EB /* Game.h */ = {isa = PBXFileReference; fileEncoding = 4; lastKnownFileType = sourcecode.c.h; path = Game.h; sourceTree = "<group>"; };
		3DC6BE6F16FE348300E682EB /* main.cpp */ = {isa = PBXFileReference; fileEncoding = 4; lastKnownFileType = sourcecode.cpp.cpp; path = main.cpp; sourceTree = "<group>"; };
		3DC6BE7216FE348300E682EB /* ProtoGame.h */ = {isa = PBXFileReference; fileEncoding = 4; lastKnownFileType = sourcecode.c.h; path = ProtoGame.h; sourceTree = "<group>"; };
		3DC6BE7316FE348300E682EB /* RaindropGame.cpp */ = {isa = PBXFileReference; fileEncoding = 4; lastKnownFileType = sourcecode.cpp.cpp; path = RaindropGame.cpp; sourceTree = "<group>"; };
		3DC6BE7416FE348300E682EB /* RaindropGame.h */ = {isa = PBXFileReference; fileEncoding = 4; lastKnownFileType = sourcecode.c.h; path = RaindropGame.h; sourceTree = "<group>"; };
		3DC6BE7516FE348300E682EB /* SDLMain.h */ = {isa = PBXFileReference; fileEncoding = 4; lastKnownFileType = sourcecode.c.h; path = SDLMain.h; sourceTree = "<group>"; };
		3DC6BE7616FE348300E682EB /* SDLMain.m */ = {isa = PBXFileReference; fileEncoding = 4; lastKnownFileType = sourcecode.c.objc; path = SDLMain.m; sourceTree = "<group>"; };
		3DC6BE7816FE348300E682EB /* Sprite.cpp */ = {isa = PBXFileReference; fileEncoding = 4; lastKnownFileType = sourcecode.cpp.cpp; path = Sprite.cpp; sourceTree = "<group>"; };
		3DC6BE7916FE348300E682EB /* Sprite.h */ = {isa = PBXFileReference; fileEncoding = 4; lastKnownFileType = sourcecode.c.h; path = Sprite.h; sourceTree = "<group>"; };
		3DC6BE9A16FE35B200E682EB /* SDL_image.framework */ = {isa = PBXFileReference; lastKnownFileType = wrapper.framework; name = SDL_image.framework; path = /Library/Frameworks/SDL_image.framework; sourceTree = "<absolute>"; };
		3DC6BE9B16FE35B200E682EB /* SDL.framework */ = {isa = PBXFileReference; lastKnownFileType = wrapper.framework; name = SDL.framework; path = /Library/Frameworks/SDL.framework; sourceTree = "<absolute>"; };
		3DD654571721029C0047A8FC /* Functions.h */ = {isa = PBXFileReference; fileEncoding = 4; lastKnownFileType = sourcecode.c.h; path = Functions.h; sourceTree = "<group>"; };
/* End PBXFileReference section */

/* Begin PBXFrameworksBuildPhase section */
		3DC6BE1616FE33E200E682EB /* Frameworks */ = {
			isa = PBXFrameworksBuildPhase;
			buildActionMask = 2147483647;
			files = (
				3D5F2AFD1715CEA200AEF369 /* SDL_mixer.framework in Frameworks */,
				3D1C44DB170B514B00586C40 /* SDL_ttf.framework in Frameworks */,
				3DC6BE9C16FE35B200E682EB /* SDL_image.framework in Frameworks */,
				3DC6BE9D16FE35B200E682EB /* SDL.framework in Frameworks */,
				3DC6BE1D16FE33E200E682EB /* Cocoa.framework in Frameworks */,
			);
			runOnlyForDeploymentPostprocessing = 0;
		};
		3DC6BE3516FE33E200E682EB /* Frameworks */ = {
			isa = PBXFrameworksBuildPhase;
			buildActionMask = 2147483647;
			files = (
				3DC6BE3B16FE33E200E682EB /* SenTestingKit.framework in Frameworks */,
				3DC6BE3C16FE33E200E682EB /* Cocoa.framework in Frameworks */,
			);
			runOnlyForDeploymentPostprocessing = 0;
		};
/* End PBXFrameworksBuildPhase section */

/* Begin PBXGroup section */
		3DC6BE1016FE33E200E682EB = {
			isa = PBXGroup;
			children = (
				3D5F2AF51715C22B00AEF369 /* Resources */,
				3DC6BE7516FE348300E682EB /* SDLMain.h */,
				3DC6BE7616FE348300E682EB /* SDLMain.m */,
				3DC6BE7216FE348300E682EB /* ProtoGame.h */,
				3DD654571721029C0047A8FC /* Functions.h */,
				3DC6BE6516FE348300E682EB /* Frame.h */,
				3DC6BE6416FE348300E682EB /* Frame.cpp */,
				3DC6BE5416FE348300E682EB /* Animation.h */,
				3DC6BE5316FE348300E682EB /* Animation.cpp */,
				3DC6BE7916FE348300E682EB /* Sprite.h */,
				3DC6BE7816FE348300E682EB /* Sprite.cpp */,
				3DC6BE5A16FE348300E682EB /* Cup.h */,
				3DC6BE5916FE348300E682EB /* Cup.cpp */,
				3DC6BE5E16FE348300E682EB /* Drop.h */,
				3DC6BE5D16FE348300E682EB /* Drop.cpp */,
				3DC6BE6616FE348300E682EB /* Game.cpp */,
				3DC6BE6716FE348300E682EB /* Game.h */,
				3DC6BE7316FE348300E682EB /* RaindropGame.cpp */,
				3DC6BE7416FE348300E682EB /* RaindropGame.h */,
				3D1C44DD170B58AC00586C40 /* Pane.h */,
				3D1C44DE170B58B600586C40 /* Pane.cpp */,
				3D1C44E3170BA58B00586C40 /* Text.h */,
				3D1C44E4170BA59500586C40 /* Text.cpp */,
				3D5F2AF81715CB2900AEF369 /* SoundPlayer.cpp */,
				3D5F2AF91715CB2900AEF369 /* SoundPlayer.h */,
				3D5F2B001716AAC100AEF369 /* Menu.cpp */,
				3D5F2B011716AAC100AEF369 /* Menu.h */,
				3D95A1DD172479F5003E0BE0 /* GameManager.h */,
				3D95A1DE17247A04003E0BE0 /* GameManager.cpp */,
				3DC6BE6F16FE348300E682EB /* main.cpp */,
				3DC6BE2216FE33E200E682EB /* Drop */,
				3DC6BE3F16FE33E200E682EB /* DropTests */,
				3DC6BE1B16FE33E200E682EB /* Frameworks */,
				3DC6BE1A16FE33E200E682EB /* Products */,
			);
			sourceTree = "<group>";
		};
		3DC6BE1A16FE33E200E682EB /* Products */ = {
			isa = PBXGroup;
			children = (
				3DC6BE1916FE33E200E682EB /* Drop.app */,
				3DC6BE3916FE33E200E682EB /* DropTests.octest */,
			);
			name = Products;
			sourceTree = "<group>";
		};
		3DC6BE1B16FE33E200E682EB /* Frameworks */ = {
			isa = PBXGroup;
			children = (
				3D5F2AFC1715CEA100AEF369 /* SDL_mixer.framework */,
				3D1C44DA170B514B00586C40 /* SDL_ttf.framework */,
				3DC6BE9A16FE35B200E682EB /* SDL_image.framework */,
				3DC6BE9B16FE35B200E682EB /* SDL.framework */,
				3DC6BE1C16FE33E200E682EB /* Cocoa.framework */,
				3DC6BE3A16FE33E200E682EB /* SenTestingKit.framework */,
				3DC6BE1E16FE33E200E682EB /* Other Frameworks */,
			);
			name = Frameworks;
			sourceTree = "<group>";
		};
		3DC6BE1E16FE33E200E682EB /* Other Frameworks */ = {
			isa = PBXGroup;
			children = (
				3DC6BE1F16FE33E200E682EB /* AppKit.framework */,
				3DC6BE2016FE33E200E682EB /* CoreData.framework */,
				3DC6BE2116FE33E200E682EB /* Foundation.framework */,
			);
			name = "Other Frameworks";
			sourceTree = "<group>";
		};
		3DC6BE2216FE33E200E682EB /* Drop */ = {
			isa = PBXGroup;
			children = (
				3DC6BE2316FE33E200E682EB /* Supporting Files */,
			);
			path = Drop;
			sourceTree = "<group>";
		};
		3DC6BE2316FE33E200E682EB /* Supporting Files */ = {
			isa = PBXGroup;
			children = (
				3DC6BE2416FE33E200E682EB /* Drop-Info.plist */,
				3DC6BE2516FE33E200E682EB /* InfoPlist.strings */,
				3DC6BE2A16FE33E200E682EB /* Drop-Prefix.pch */,
				3DC6BE2B16FE33E200E682EB /* Credits.rtf */,
			);
			name = "Supporting Files";
			sourceTree = "<group>";
		};
		3DC6BE3F16FE33E200E682EB /* DropTests */ = {
			isa = PBXGroup;
			children = (
				3DC6BE4016FE33E200E682EB /* Supporting Files */,
			);
			path = DropTests;
			sourceTree = "<group>";
		};
		3DC6BE4016FE33E200E682EB /* Supporting Files */ = {
			isa = PBXGroup;
			children = (
				3DC6BE4116FE33E200E682EB /* DropTests-Info.plist */,
				3DC6BE4216FE33E200E682EB /* InfoPlist.strings */,
			);
			name = "Supporting Files";
			sourceTree = "<group>";
		};
/* End PBXGroup section */

/* Begin PBXNativeTarget section */
		3DC6BE1816FE33E200E682EB /* Drop */ = {
			isa = PBXNativeTarget;
			buildConfigurationList = 3DC6BE4A16FE33E200E682EB /* Build configuration list for PBXNativeTarget "Drop" */;
			buildPhases = (
				3DC6BE1516FE33E200E682EB /* Sources */,
				3DC6BE1616FE33E200E682EB /* Frameworks */,
				3DC6BE1716FE33E200E682EB /* Resources */,
				3DC6BE9F16FE37BD00E682EB /* CopyFiles */,
			);
			buildRules = (
			);
			dependencies = (
			);
			name = Drop;
			productName = Drop;
			productReference = 3DC6BE1916FE33E200E682EB /* Drop.app */;
			productType = "com.apple.product-type.application";
		};
		3DC6BE3816FE33E200E682EB /* DropTests */ = {
			isa = PBXNativeTarget;
			buildConfigurationList = 3DC6BE4D16FE33E200E682EB /* Build configuration list for PBXNativeTarget "DropTests" */;
			buildPhases = (
				3DC6BE3416FE33E200E682EB /* Sources */,
				3DC6BE3516FE33E200E682EB /* Frameworks */,
				3DC6BE3616FE33E200E682EB /* Resources */,
				3DC6BE3716FE33E200E682EB /* ShellScript */,
			);
			buildRules = (
			);
			dependencies = (
				3DC6BE3E16FE33E200E682EB /* PBXTargetDependency */,
			);
			name = DropTests;
			productName = DropTests;
			productReference = 3DC6BE3916FE33E200E682EB /* DropTests.octest */;
			productType = "com.apple.product-type.bundle";
		};
/* End PBXNativeTarget section */

/* Begin PBXProject section */
		3DC6BE1116FE33E200E682EB /* Project object */ = {
			isa = PBXProject;
			attributes = {
				CLASSPREFIX = Drop;
				LastUpgradeCheck = 0460;
				ORGANIZATIONNAME = class;
			};
			buildConfigurationList = 3DC6BE1416FE33E200E682EB /* Build configuration list for PBXProject "Drop" */;
			compatibilityVersion = "Xcode 3.2";
			developmentRegion = English;
			hasScannedForEncodings = 0;
			knownRegions = (
				en,
			);
			mainGroup = 3DC6BE1016FE33E200E682EB;
			productRefGroup = 3DC6BE1A16FE33E200E682EB /* Products */;
			projectDirPath = "";
			projectRoot = "";
			targets = (
				3DC6BE1816FE33E200E682EB /* Drop */,
				3DC6BE3816FE33E200E682EB /* DropTests */,
			);
		};
/* End PBXProject section */

/* Begin PBXResourcesBuildPhase section */
		3DC6BE1716FE33E200E682EB /* Resources */ = {
			isa = PBXResourcesBuildPhase;
			buildActionMask = 2147483647;
			files = (
				3DC6BE2716FE33E200E682EB /* InfoPlist.strings in Resources */,
				3DC6BE2D16FE33E200E682EB /* Credits.rtf in Resources */,
				3D5F2AF61715C22B00AEF369 /* Resources in Resources */,
			);
			runOnlyForDeploymentPostprocessing = 0;
		};
		3DC6BE3616FE33E200E682EB /* Resources */ = {
			isa = PBXResourcesBuildPhase;
			buildActionMask = 2147483647;
			files = (
				3DC6BE4416FE33E200E682EB /* InfoPlist.strings in Resources */,
				3D5F2AF71715C22B00AEF369 /* Resources in Resources */,
			);
			runOnlyForDeploymentPostprocessing = 0;
		};
/* End PBXResourcesBuildPhase section */

/* Begin PBXShellScriptBuildPhase section */
		3DC6BE3716FE33E200E682EB /* ShellScript */ = {
			isa = PBXShellScriptBuildPhase;
			buildActionMask = 2147483647;
			files = (
			);
			inputPaths = (
			);
			outputPaths = (
			);
			runOnlyForDeploymentPostprocessing = 0;
			shellPath = /bin/sh;
			shellScript = "# Run the unit tests in this test bundle.\n\"${SYSTEM_DEVELOPER_DIR}/Tools/RunUnitTests\"\n";
		};
/* End PBXShellScriptBuildPhase section */

/* Begin PBXSourcesBuildPhase section */
		3DC6BE1516FE33E200E682EB /* Sources */ = {
			isa = PBXSourcesBuildPhase;
			buildActionMask = 2147483647;
			files = (
				3DC6BE7D16FE348300E682EB /* Animation.cpp in Sources */,
				3DC6BE8216FE348300E682EB /* Cup.cpp in Sources */,
				3DC6BE8516FE348300E682EB /* Drop.cpp in Sources */,
				3DC6BE8B16FE348300E682EB /* Frame.cpp in Sources */,
				3DC6BE8C16FE348300E682EB /* Game.cpp in Sources */,
				3DC6BE9416FE348300E682EB /* main.cpp in Sources */,
				3DC6BE9716FE348300E682EB /* RaindropGame.cpp in Sources */,
				3DC6BE9816FE348300E682EB /* SDLMain.m in Sources */,
				3DC6BE9916FE348300E682EB /* Sprite.cpp in Sources */,
				3D1C44DF170B58B600586C40 /* Pane.cpp in Sources */,
				3D1C44E5170BA59500586C40 /* Text.cpp in Sources */,
				3D5F2AFB1715CD7900AEF369 /* SoundPlayer.cpp in Sources */,
				3D5F2B031716AD0400AEF369 /* Menu.cpp in Sources */,
				3D95A1DF17247A04003E0BE0 /* GameManager.cpp in Sources */,
			);
			runOnlyForDeploymentPostprocessing = 0;
		};
		3DC6BE3416FE33E200E682EB /* Sources */ = {
			isa = PBXSourcesBuildPhase;
			buildActionMask = 2147483647;
			files = (
				3D1C44E6170BA59500586C40 /* Text.cpp in Sources */,
				3D5F2AFA1715CB2A00AEF369 /* SoundPlayer.cpp in Sources */,
				3D5F2B021716AAC100AEF369 /* Menu.cpp in Sources */,
			);
			runOnlyForDeploymentPostprocessing = 0;
		};
/* End PBXSourcesBuildPhase section */

/* Begin PBXTargetDependency section */
		3DC6BE3E16FE33E200E682EB /* PBXTargetDependency */ = {
			isa = PBXTargetDependency;
			target = 3DC6BE1816FE33E200E682EB /* Drop */;
			targetProxy = 3DC6BE3D16FE33E200E682EB /* PBXContainerItemProxy */;
		};
/* End PBXTargetDependency section */

/* Begin PBXVariantGroup section */
		3DC6BE2516FE33E200E682EB /* InfoPlist.strings */ = {
			isa = PBXVariantGroup;
			children = (
				3DC6BE2616FE33E200E682EB /* en */,
			);
			name = InfoPlist.strings;
			sourceTree = "<group>";
		};
		3DC6BE2B16FE33E200E682EB /* Credits.rtf */ = {
			isa = PBXVariantGroup;
			children = (
				3DC6BE2C16FE33E200E682EB /* en */,
			);
			name = Credits.rtf;
			sourceTree = "<group>";
		};
		3DC6BE4216FE33E200E682EB /* InfoPlist.strings */ = {
			isa = PBXVariantGroup;
			children = (
				3DC6BE4316FE33E200E682EB /* en */,
			);
			name = InfoPlist.strings;
			sourceTree = "<group>";
		};
/* End PBXVariantGroup section */

/* Begin XCBuildConfiguration section */
		3DC6BE4816FE33E200E682EB /* Debug */ = {
			isa = XCBuildConfiguration;
			buildSettings = {
				ALWAYS_SEARCH_USER_PATHS = NO;
				ARCHS = "$(ARCHS_STANDARD_64_BIT)";
				CLANG_CXX_LANGUAGE_STANDARD = "gnu++0x";
				CLANG_CXX_LIBRARY = "libc++";
				CLANG_WARN_CONSTANT_CONVERSION = YES;
				CLANG_WARN_EMPTY_BODY = YES;
				CLANG_WARN_ENUM_CONVERSION = YES;
				CLANG_WARN_INT_CONVERSION = YES;
				CLANG_WARN__DUPLICATE_METHOD_MATCH = YES;
				COPY_PHASE_STRIP = NO;
				GCC_C_LANGUAGE_STANDARD = gnu99;
				GCC_DYNAMIC_NO_PIC = NO;
				GCC_ENABLE_OBJC_EXCEPTIONS = YES;
				GCC_OPTIMIZATION_LEVEL = 0;
				GCC_PREPROCESSOR_DEFINITIONS = (
					"DEBUG=1",
					"$(inherited)",
				);
				GCC_SYMBOLS_PRIVATE_EXTERN = NO;
				GCC_WARN_64_TO_32_BIT_CONVERSION = YES;
				GCC_WARN_ABOUT_RETURN_TYPE = YES;
				GCC_WARN_UNINITIALIZED_AUTOS = YES;
				GCC_WARN_UNUSED_VARIABLE = YES;
				"HEADER_SEARCH_PATHS[arch=*]" = /Library/Frameworks/SDL.framework/Headers;
				MACOSX_DEPLOYMENT_TARGET = 10.7;
				ONLY_ACTIVE_ARCH = YES;
				SDKROOT = "";
			};
			name = Debug;
		};
		3DC6BE4916FE33E200E682EB /* Release */ = {
			isa = XCBuildConfiguration;
			buildSettings = {
				ALWAYS_SEARCH_USER_PATHS = NO;
				ARCHS = "$(ARCHS_STANDARD_64_BIT)";
				CLANG_CXX_LANGUAGE_STANDARD = "gnu++0x";
				CLANG_CXX_LIBRARY = "libc++";
				CLANG_WARN_CONSTANT_CONVERSION = YES;
				CLANG_WARN_EMPTY_BODY = YES;
				CLANG_WARN_ENUM_CONVERSION = YES;
				CLANG_WARN_INT_CONVERSION = YES;
				CLANG_WARN__DUPLICATE_METHOD_MATCH = YES;
				COPY_PHASE_STRIP = YES;
				DEBUG_INFORMATION_FORMAT = "dwarf-with-dsym";
				GCC_C_LANGUAGE_STANDARD = gnu99;
				GCC_ENABLE_OBJC_EXCEPTIONS = YES;
				GCC_WARN_64_TO_32_BIT_CONVERSION = YES;
				GCC_WARN_ABOUT_RETURN_TYPE = YES;
				GCC_WARN_UNINITIALIZED_AUTOS = YES;
				GCC_WARN_UNUSED_VARIABLE = YES;
				"HEADER_SEARCH_PATHS[arch=*]" = /Library/Frameworks/SDL.framework/Headers;
				MACOSX_DEPLOYMENT_TARGET = 10.7;
				SDKROOT = "";
			};
			name = Release;
		};
		3DC6BE4B16FE33E200E682EB /* Debug */ = {
			isa = XCBuildConfiguration;
			buildSettings = {
				COMBINE_HIDPI_IMAGES = YES;
				GCC_PRECOMPILE_PREFIX_HEADER = YES;
				GCC_PREFIX_HEADER = "Drop/Drop-Prefix.pch";
				INFOPLIST_FILE = "Drop/Drop-Info.plist";
				PRODUCT_NAME = "$(TARGET_NAME)";
				WRAPPER_EXTENSION = app;
			};
			name = Debug;
		};
		3DC6BE4C16FE33E200E682EB /* Release */ = {
			isa = XCBuildConfiguration;
			buildSettings = {
				COMBINE_HIDPI_IMAGES = YES;
				GCC_PRECOMPILE_PREFIX_HEADER = YES;
				GCC_PREFIX_HEADER = "Drop/Drop-Prefix.pch";
				INFOPLIST_FILE = "Drop/Drop-Info.plist";
				PRODUCT_NAME = "$(TARGET_NAME)";
				WRAPPER_EXTENSION = app;
			};
			name = Release;
		};
		3DC6BE4E16FE33E200E682EB /* Debug */ = {
			isa = XCBuildConfiguration;
			buildSettings = {
				BUNDLE_LOADER = "$(BUILT_PRODUCTS_DIR)/Drop.app/Contents/MacOS/Drop";
				COMBINE_HIDPI_IMAGES = YES;
				FRAMEWORK_SEARCH_PATHS = "\"$(DEVELOPER_LIBRARY_DIR)/Frameworks\"";
				GCC_PRECOMPILE_PREFIX_HEADER = YES;
				GCC_PREFIX_HEADER = "Drop/Drop-Prefix.pch";
				INFOPLIST_FILE = "DropTests/DropTests-Info.plist";
				PRODUCT_NAME = "$(TARGET_NAME)";
				TEST_HOST = "$(BUNDLE_LOADER)";
				WRAPPER_EXTENSION = octest;
			};
			name = Debug;
		};
		3DC6BE4F16FE33E200E682EB /* Release */ = {
			isa = XCBuildConfiguration;
			buildSettings = {
				BUNDLE_LOADER = "$(BUILT_PRODUCTS_DIR)/Drop.app/Contents/MacOS/Drop";
				COMBINE_HIDPI_IMAGES = YES;
				FRAMEWORK_SEARCH_PATHS = "\"$(DEVELOPER_LIBRARY_DIR)/Frameworks\"";
				GCC_PRECOMPILE_PREFIX_HEADER = YES;
				GCC_PREFIX_HEADER = "Drop/Drop-Prefix.pch";
				INFOPLIST_FILE = "DropTests/DropTests-Info.plist";
				PRODUCT_NAME = "$(TARGET_NAME)";
				TEST_HOST = "$(BUNDLE_LOADER)";
				WRAPPER_EXTENSION = octest;
			};
			name = Release;
		};
/* End XCBuildConfiguration section */

/* Begin XCConfigurationList section */
		3DC6BE1416FE33E200E682EB /* Build configuration list for PBXProject "Drop" */ = {
			isa = XCConfigurationList;
			buildConfigurations = (
				3DC6BE4816FE33E200E682EB /* Debug */,
				3DC6BE4916FE33E200E682EB /* Release */,
			);
			defaultConfigurationIsVisible = 0;
			defaultConfigurationName = Release;
		};
		3DC6BE4A16FE33E200E682EB /* Build configuration list for PBXNativeTarget "Drop" */ = {
			isa = XCConfigurationList;
			buildConfigurations = (
				3DC6BE4B16FE33E200E682EB /* Debug */,
				3DC6BE4C16FE33E200E682EB /* Release */,
			);
			defaultConfigurationIsVisible = 0;
			defaultConfigurationName = Release;
		};
		3DC6BE4D16FE33E200E682EB /* Build configuration list for PBXNativeTarget "DropTests" */ = {
			isa = XCConfigurationList;
			buildConfigurations = (
				3DC6BE4E16FE33E200E682EB /* Debug */,
				3DC6BE4F16FE33E200E682EB /* Release */,
			);
			defaultConfigurationIsVisible = 0;
			defaultConfigurationName = Release;
		};
/* End XCConfigurationList section */
	};
	rootObject = 3DC6BE1116FE33E200E682EB /* Project object */;
}
